Microsoft Visual Studio Solution File, Format Version 12.00
# Visual Studio Version 17
VisualStudioVersion = 17.5.2.0
MinimumVisualStudioVersion = 10.0.40219.1
Project("{2150E333-8FDC-42A3-9474-1A3956D46DE8}") = "services", "services", "{5854FF58-B8C5-05C6-5BF2-ACE42193F22B}"
EndProject
Project("{2150E333-8FDC-42A3-9474-1A3956D46DE8}") = "identity-service", "identity-service", "{A86387A1-6CB7-E87F-8D97-922B56EDCEFC}"
EndProject
Project("{FAE04EC0-301F-11D3-BF4B-00C04F79EFBC}") = "IdentityService.Api", "services\identity-service\IdentityService.Api\IdentityService.Api.csproj", "{16CD3F5E-F5CD-6FD7-DB3A-6CCA4BE49D3E}"
EndProject
Global
	GlobalSection(SolutionConfigurationPlatforms) = preSolution
		Debug|Any CPU = Debug|Any CPU
		Release|Any CPU = Release|Any CPU
	EndGlobalSection
	GlobalSection(ProjectConfigurationPlatforms) = postSolution
		{16CD3F5E-F5CD-6FD7-DB3A-6CCA4BE49D3E}.Debug|Any CPU.ActiveCfg = Debug|Any CPU
		{16CD3F5E-F5CD-6FD7-DB3A-6CCA4BE49D3E}.Debug|Any CPU.Build.0 = Debug|Any CPU
		{16CD3F5E-F5CD-6FD7-DB3A-6CCA4BE49D3E}.Release|Any CPU.ActiveCfg = Release|Any CPU
		{16CD3F5E-F5CD-6FD7-DB3A-6CCA4BE49D3E}.Release|Any CPU.Build.0 = Release|Any CPU
	EndGlobalSection
	GlobalSection(SolutionProperties) = preSolution
		HideSolutionNode = FALSE
	EndGlobalSection
	GlobalSection(NestedProjects) = preSolution
		{A86387A1-6CB7-E87F-8D97-922B56EDCEFC} = {5854FF58-B8C5-05C6-5BF2-ACE42193F22B}
		{16CD3F5E-F5CD-6FD7-DB3A-6CCA4BE49D3E} = {A86387A1-6CB7-E87F-8D97-922B56EDCEFC}
	EndGlobalSection
	GlobalSection(ExtensibilityGlobals) = postSolution
		SolutionGuid = {93C36878-66AA-4DD5-BD2A-B86432A84831}
	EndGlobalSection
EndGlobal
