
Microsoft Visual Studio Solution File, Format Version 12.00
# Visual Studio Version 17
VisualStudioVersion = 17.5.2.0
MinimumVisualStudioVersion = 10.0.40219.1
Project("{2150E333-8FDC-42A3-9474-1A3956D46DE8}") = "services", "services", "{5854FF58-B8C5-05C6-5BF2-ACE42193F22B}"
EndProject
Project("{2150E333-8FDC-42A3-9474-1A3956D46DE8}") = "identity-service", "identity-service", "{A86387A1-6CB7-E87F-8D97-922B56EDCEFC}"
EndProject
Project("{2150E333-8FDC-42A3-9474-1A3956D46DE8}") = "building-blocks", "building-blocks", "{31CBEB51-93DC-9CA1-DA8D-67643319BEE1}"
EndProject
Project("{FAE04EC0-301F-11D3-BF4B-00C04F79EFBC}") = "BuildingBlocks.Application", "building-blocks\BuildingBlocks.Application\BuildingBlocks.Application.csproj", "{5E2BA008-A6CE-491E-A4C4-00E1FB433F22}"
EndProject
Project("{FAE04EC0-301F-11D3-BF4B-00C04F79EFBC}") = "BuildingBlocks.Contracts", "building-blocks\BuildingBlocks.Contracts\BuildingBlocks.Contracts.csproj", "{1FD430CD-158D-42EA-8F6F-3CE0974B21D0}"
EndProject
Project("{FAE04EC0-301F-11D3-BF4B-00C04F79EFBC}") = "BuildingBlocks.Domain", "building-blocks\BuildingBlocks.Domain\BuildingBlocks.Domain.csproj", "{C005700C-AB80-4C0B-89B2-1FE2F760277A}"
EndProject
Project("{FAE04EC0-301F-11D3-BF4B-00C04F79EFBC}") = "BuildingBlocks.Infrastructure", "building-blocks\BuildingBlocks.Infrastructure\BuildingBlocks.Infrastructure.csproj", "{036B4212-F167-4260-964C-5AB0933C1E21}"
EndProject
Global
	GlobalSection(SolutionConfigurationPlatforms) = preSolution
		Debug|Any CPU = Debug|Any CPU
		Debug|x64 = Debug|x64
		Debug|x86 = Debug|x86
		Release|Any CPU = Release|Any CPU
		Release|x64 = Release|x64
		Release|x86 = Release|x86
	EndGlobalSection
	GlobalSection(ProjectConfigurationPlatforms) = postSolution
		{16CD3F5E-F5CD-6FD7-DB3A-6CCA4BE49D3E}.Debug|Any CPU.ActiveCfg = Debug|Any CPU
		{16CD3F5E-F5CD-6FD7-DB3A-6CCA4BE49D3E}.Debug|Any CPU.Build.0 = Debug|Any CPU
		{16CD3F5E-F5CD-6FD7-DB3A-6CCA4BE49D3E}.Debug|x64.ActiveCfg = Debug|Any CPU
		{16CD3F5E-F5CD-6FD7-DB3A-6CCA4BE49D3E}.Debug|x64.Build.0 = Debug|Any CPU
		{16CD3F5E-F5CD-6FD7-DB3A-6CCA4BE49D3E}.Debug|x86.ActiveCfg = Debug|Any CPU
		{16CD3F5E-F5CD-6FD7-DB3A-6CCA4BE49D3E}.Debug|x86.Build.0 = Debug|Any CPU
		{16CD3F5E-F5CD-6FD7-DB3A-6CCA4BE49D3E}.Release|Any CPU.ActiveCfg = Release|Any CPU
		{16CD3F5E-F5CD-6FD7-DB3A-6CCA4BE49D3E}.Release|Any CPU.Build.0 = Release|Any CPU
		{16CD3F5E-F5CD-6FD7-DB3A-6CCA4BE49D3E}.Release|x64.ActiveCfg = Release|Any CPU
		{16CD3F5E-F5CD-6FD7-DB3A-6CCA4BE49D3E}.Release|x64.Build.0 = Release|Any CPU
		{16CD3F5E-F5CD-6FD7-DB3A-6CCA4BE49D3E}.Release|x86.ActiveCfg = Release|Any CPU
		{16CD3F5E-F5CD-6FD7-DB3A-6CCA4BE49D3E}.Release|x86.Build.0 = Release|Any CPU
		{5E2BA008-A6CE-491E-A4C4-00E1FB433F22}.Debug|Any CPU.ActiveCfg = Debug|Any CPU
		{5E2BA008-A6CE-491E-A4C4-00E1FB433F22}.Debug|Any CPU.Build.0 = Debug|Any CPU
		{5E2BA008-A6CE-491E-A4C4-00E1FB433F22}.Debug|x64.ActiveCfg = Debug|Any CPU
		{5E2BA008-A6CE-491E-A4C4-00E1FB433F22}.Debug|x64.Build.0 = Debug|Any CPU
		{5E2BA008-A6CE-491E-A4C4-00E1FB433F22}.Debug|x86.ActiveCfg = Debug|Any CPU
		{5E2BA008-A6CE-491E-A4C4-00E1FB433F22}.Debug|x86.Build.0 = Debug|Any CPU
		{5E2BA008-A6CE-491E-A4C4-00E1FB433F22}.Release|Any CPU.ActiveCfg = Release|Any CPU
		{5E2BA008-A6CE-491E-A4C4-00E1FB433F22}.Release|Any CPU.Build.0 = Release|Any CPU
		{5E2BA008-A6CE-491E-A4C4-00E1FB433F22}.Release|x64.ActiveCfg = Release|Any CPU
		{5E2BA008-A6CE-491E-A4C4-00E1FB433F22}.Release|x64.Build.0 = Release|Any CPU
		{5E2BA008-A6CE-491E-A4C4-00E1FB433F22}.Release|x86.ActiveCfg = Release|Any CPU
		{5E2BA008-A6CE-491E-A4C4-00E1FB433F22}.Release|x86.Build.0 = Release|Any CPU
		{1FD430CD-158D-42EA-8F6F-3CE0974B21D0}.Debug|Any CPU.ActiveCfg = Debug|Any CPU
		{1FD430CD-158D-42EA-8F6F-3CE0974B21D0}.Debug|Any CPU.Build.0 = Debug|Any CPU
		{1FD430CD-158D-42EA-8F6F-3CE0974B21D0}.Debug|x64.ActiveCfg = Debug|Any CPU
		{1FD430CD-158D-42EA-8F6F-3CE0974B21D0}.Debug|x64.Build.0 = Debug|Any CPU
		{1FD430CD-158D-42EA-8F6F-3CE0974B21D0}.Debug|x86.ActiveCfg = Debug|Any CPU
		{1FD430CD-158D-42EA-8F6F-3CE0974B21D0}.Debug|x86.Build.0 = Debug|Any CPU
		{1FD430CD-158D-42EA-8F6F-3CE0974B21D0}.Release|Any CPU.ActiveCfg = Release|Any CPU
		{1FD430CD-158D-42EA-8F6F-3CE0974B21D0}.Release|Any CPU.Build.0 = Release|Any CPU
		{1FD430CD-158D-42EA-8F6F-3CE0974B21D0}.Release|x64.ActiveCfg = Release|Any CPU
		{1FD430CD-158D-42EA-8F6F-3CE0974B21D0}.Release|x64.Build.0 = Release|Any CPU
		{1FD430CD-158D-42EA-8F6F-3CE0974B21D0}.Release|x86.ActiveCfg = Release|Any CPU
		{1FD430CD-158D-42EA-8F6F-3CE0974B21D0}.Release|x86.Build.0 = Release|Any CPU
		{C005700C-AB80-4C0B-89B2-1FE2F760277A}.Debug|Any CPU.ActiveCfg = Debug|Any CPU
		{C005700C-AB80-4C0B-89B2-1FE2F760277A}.Debug|Any CPU.Build.0 = Debug|Any CPU
		{C005700C-AB80-4C0B-89B2-1FE2F760277A}.Debug|x64.ActiveCfg = Debug|Any CPU
		{C005700C-AB80-4C0B-89B2-1FE2F760277A}.Debug|x64.Build.0 = Debug|Any CPU
		{C005700C-AB80-4C0B-89B2-1FE2F760277A}.Debug|x86.ActiveCfg = Debug|Any CPU
		{C005700C-AB80-4C0B-89B2-1FE2F760277A}.Debug|x86.Build.0 = Debug|Any CPU
		{C005700C-AB80-4C0B-89B2-1FE2F760277A}.Release|Any CPU.ActiveCfg = Release|Any CPU
		{C005700C-AB80-4C0B-89B2-1FE2F760277A}.Release|Any CPU.Build.0 = Release|Any CPU
		{C005700C-AB80-4C0B-89B2-1FE2F760277A}.Release|x64.ActiveCfg = Release|Any CPU
		{C005700C-AB80-4C0B-89B2-1FE2F760277A}.Release|x64.Build.0 = Release|Any CPU
		{C005700C-AB80-4C0B-89B2-1FE2F760277A}.Release|x86.ActiveCfg = Release|Any CPU
		{C005700C-AB80-4C0B-89B2-1FE2F760277A}.Release|x86.Build.0 = Release|Any CPU
		{036B4212-F167-4260-964C-5AB0933C1E21}.Debug|Any CPU.ActiveCfg = Debug|Any CPU
		{036B4212-F167-4260-964C-5AB0933C1E21}.Debug|Any CPU.Build.0 = Debug|Any CPU
		{036B4212-F167-4260-964C-5AB0933C1E21}.Debug|x64.ActiveCfg = Debug|Any CPU
		{036B4212-F167-4260-964C-5AB0933C1E21}.Debug|x64.Build.0 = Debug|Any CPU
		{036B4212-F167-4260-964C-5AB0933C1E21}.Debug|x86.ActiveCfg = Debug|Any CPU
		{036B4212-F167-4260-964C-5AB0933C1E21}.Debug|x86.Build.0 = Debug|Any CPU
		{036B4212-F167-4260-964C-5AB0933C1E21}.Release|Any CPU.ActiveCfg = Release|Any CPU
		{036B4212-F167-4260-964C-5AB0933C1E21}.Release|Any CPU.Build.0 = Release|Any CPU
		{036B4212-F167-4260-964C-5AB0933C1E21}.Release|x64.ActiveCfg = Release|Any CPU
		{036B4212-F167-4260-964C-5AB0933C1E21}.Release|x64.Build.0 = Release|Any CPU
		{036B4212-F167-4260-964C-5AB0933C1E21}.Release|x86.ActiveCfg = Release|Any CPU
		{036B4212-F167-4260-964C-5AB0933C1E21}.Release|x86.Build.0 = Release|Any CPU
	EndGlobalSection
	GlobalSection(SolutionProperties) = preSolution
		HideSolutionNode = FALSE
	EndGlobalSection
	GlobalSection(NestedProjects) = preSolution
		{A86387A1-6CB7-E87F-8D97-922B56EDCEFC} = {5854FF58-B8C5-05C6-5BF2-ACE42193F22B}
		{16CD3F5E-F5CD-6FD7-DB3A-6CCA4BE49D3E} = {A86387A1-6CB7-E87F-8D97-922B56EDCEFC}
		{5E2BA008-A6CE-491E-A4C4-00E1FB433F22} = {31CBEB51-93DC-9CA1-DA8D-67643319BEE1}
		{1FD430CD-158D-42EA-8F6F-3CE0974B21D0} = {31CBEB51-93DC-9CA1-DA8D-67643319BEE1}
		{C005700C-AB80-4C0B-89B2-1FE2F760277A} = {31CBEB51-93DC-9CA1-DA8D-67643319BEE1}
		{036B4212-F167-4260-964C-5AB0933C1E21} = {31CBEB51-93DC-9CA1-DA8D-67643319BEE1}
	EndGlobalSection
	GlobalSection(ExtensibilityGlobals) = postSolution
		SolutionGuid = {93C36878-66AA-4DD5-BD2A-B86432A84831}
	EndGlobalSection
EndGlobal
