
Microsoft Visual Studio Solution File, Format Version 12.00
# Visual Studio Version 18
VisualStudioVersion = 18.10.12217.157
MinimumVisualStudioVersion = 10.0.40219.1
Project("{2150E333-8FDC-42A3-9474-1A3956D46DE8}") = "services", "services", "{5854FF58-B8C5-05C6-5BF2-ACE42193F22B}"
EndProject
Project("{2150E333-8FDC-42A3-9474-1A3956D46DE8}") = "identity-service", "identity-service", "{A86387A1-6CB7-E87F-8D97-922B56EDCEFC}"
EndProject
Project("{2150E333-8FDC-42A3-9474-1A3956D46DE8}") = "building-blocks", "building-blocks", "{31CBEB51-93DC-9CA1-DA8D-67643319BEE1}"
EndProject
Project("{FAE04EC0-301F-11D3-BF4B-00C04F79EFBC}") = "BuildingBlocks.Application", "building-blocks\BuildingBlocks.Application\BuildingBlocks.Application.csproj", "{5E2BA008-A6CE-491E-A4C4-00E1FB433F22}"
EndProject
Project("{FAE04EC0-301F-11D3-BF4B-00C04F79EFBC}") = "BuildingBlocks.Contracts", "building-blocks\BuildingBlocks.Contracts\BuildingBlocks.Contracts.csproj", "{1FD430CD-158D-42EA-8F6F-3CE0974B21D0}"
EndProject
Project("{FAE04EC0-301F-11D3-BF4B-00C04F79EFBC}") = "BuildingBlocks.Domain", "building-blocks\BuildingBlocks.Domain\BuildingBlocks.Domain.csproj", "{C005700C-AB80-4C0B-89B2-1FE2F760277A}"
EndProject
Project("{FAE04EC0-301F-11D3-BF4B-00C04F79EFBC}") = "BuildingBlocks.Infrastructure", "building-blocks\BuildingBlocks.Infrastructure\BuildingBlocks.Infrastructure.csproj", "{036B4212-F167-4260-964C-5AB0933C1E21}"
EndProject
Project("{2150E333-8FDC-42A3-9474-1A3956D46DE8}") = "tests", "tests", "{8B9A4CE7-C63C-2C30-32DD-7937E6868EBD}"
EndProject
Project("{FAE04EC0-301F-11D3-BF4B-00C04F79EFBC}") = "IdentityService.Application.UnitTests", "services\identity-service\tests\IdentityService.Application.UnitTests\IdentityService.Application.UnitTests.csproj", "{B7979140-D9A5-46E7-AF3A-CD2BC07A5830}"
EndProject
Project("{2150E333-8FDC-42A3-9474-1A3956D46DE8}") = "src", "src", "{B16E37B7-9997-3A69-15CC-2776E4DDC1AC}"
EndProject
Project("{FAE04EC0-301F-11D3-BF4B-00C04F79EFBC}") = "IdentityService.Application", "services\identity-service\src\IdentityService.Application\IdentityService.Application.csproj", "{D4343557-D319-410D-9C7F-11DDD6F0BB4A}"
EndProject
Project("{FAE04EC0-301F-11D3-BF4B-00C04F79EFBC}") = "IdentityService.Domain", "services\identity-service\src\IdentityService.Domain\IdentityService.Domain.csproj", "{A1B6CE5E-72B1-4936-A55D-118CA1C5B82D}"
EndProject
Project("{2150E333-8FDC-42A3-9474-1A3956D46DE8}") = "user-service", "user-service", "{894F4CE1-B484-F744-A4B2-6323977B165A}"
EndProject
Project("{2150E333-8FDC-42A3-9474-1A3956D46DE8}") = "src", "src", "{F0031B69-6525-1819-848B-EAE6FE9B4247}"
EndProject
Project("{FAE04EC0-301F-11D3-BF4B-00C04F79EFBC}") = "UserService.Application", "services\user-service\src\UserService.Application\UserService.Application.csproj", "{24270B03-CA6C-4A64-B96F-C62C5D9D96D7}"
EndProject
Project("{FAE04EC0-301F-11D3-BF4B-00C04F79EFBC}") = "UserService.Domain", "services\user-service\src\UserService.Domain\UserService.Domain.csproj", "{EACB83DA-9278-4481-88E2-EB02D70BA765}"
EndProject
Project("{FAE04EC0-301F-11D3-BF4B-00C04F79EFBC}") = "UserService.Infrastructure", "services\user-service\src\UserService.Infrastructure\UserService.Infrastructure.csproj", "{12076B5E-399E-4CCA-B6D1-4ABA04F60CC4}"
EndProject
Project("{2150E333-8FDC-42A3-9474-1A3956D46DE8}") = "media-service", "media-service", "{C4259038-A2A8-CBB4-2A14-9A62DF69FCD2}"
EndProject
Project("{2150E333-8FDC-42A3-9474-1A3956D46DE8}") = "src", "src", "{C49991FA-0149-F3D3-524D-8081FC0C8975}"
EndProject
Project("{FAE04EC0-301F-11D3-BF4B-00C04F79EFBC}") = "MediaService.Api", "services\media-service\src\MediaService.Api\MediaService.Api.csproj", "{A28BE388-B873-45CD-AE7A-7BB32EFC0624}"
EndProject
Project("{FAE04EC0-301F-11D3-BF4B-00C04F79EFBC}") = "MediaService.Application", "services\media-service\src\MediaService.Application\MediaService.Application.csproj", "{99006EC1-2579-4E54-8D3E-2B28BE8C10DF}"
EndProject
Project("{FAE04EC0-301F-11D3-BF4B-00C04F79EFBC}") = "MediaService.Domain", "services\media-service\src\MediaService.Domain\MediaService.Domain.csproj", "{0F3B2593-1C3B-4468-B20E-982E2DE3488E}"
EndProject
Project("{FAE04EC0-301F-11D3-BF4B-00C04F79EFBC}") = "MediaService.Infrastructure", "services\media-service\src\MediaService.Infrastructure\MediaService.Infrastructure.csproj", "{34D871D8-7627-4170-99E2-5E4C6F999928}"
EndProject
Project("{FAE04EC0-301F-11D3-BF4B-00C04F79EFBC}") = "UserService.Api", "services\user-service\src\UserService.Api\UserService.Api\UserService.Api.csproj", "{9A8D78B7-2103-4B46-980D-3D07D3394224}"
EndProject
Global
	GlobalSection(SolutionConfigurationPlatforms) = preSolution
		Debug|Any CPU = Debug|Any CPU
		Debug|x64 = Debug|x64
		Debug|x86 = Debug|x86
		Release|Any CPU = Release|Any CPU
		Release|x64 = Release|x64
		Release|x86 = Release|x86
	EndGlobalSection
	GlobalSection(ProjectConfigurationPlatforms) = postSolution
		{5E2BA008-A6CE-491E-A4C4-00E1FB433F22}.Debug|Any CPU.ActiveCfg = Debug|Any CPU
		{5E2BA008-A6CE-491E-A4C4-00E1FB433F22}.Debug|Any CPU.Build.0 = Debug|Any CPU
		{5E2BA008-A6CE-491E-A4C4-00E1FB433F22}.Debug|x64.ActiveCfg = Debug|Any CPU
		{5E2BA008-A6CE-491E-A4C4-00E1FB433F22}.Debug|x64.Build.0 = Debug|Any CPU
		{5E2BA008-A6CE-491E-A4C4-00E1FB433F22}.Debug|x86.ActiveCfg = Debug|Any CPU
		{5E2BA008-A6CE-491E-A4C4-00E1FB433F22}.Debug|x86.Build.0 = Debug|Any CPU
		{5E2BA008-A6CE-491E-A4C4-00E1FB433F22}.Release|Any CPU.ActiveCfg = Release|Any CPU
		{5E2BA008-A6CE-491E-A4C4-00E1FB433F22}.Release|Any CPU.Build.0 = Release|Any CPU
		{5E2BA008-A6CE-491E-A4C4-00E1FB433F22}.Release|x64.ActiveCfg = Release|Any CPU
		{5E2BA008-A6CE-491E-A4C4-00E1FB433F22}.Release|x64.Build.0 = Release|Any CPU
		{5E2BA008-A6CE-491E-A4C4-00E1FB433F22}.Release|x86.ActiveCfg = Release|Any CPU
		{5E2BA008-A6CE-491E-A4C4-00E1FB433F22}.Release|x86.Build.0 = Release|Any CPU
		{1FD430CD-158D-42EA-8F6F-3CE0974B21D0}.Debug|Any CPU.ActiveCfg = Debug|Any CPU
		{1FD430CD-158D-42EA-8F6F-3CE0974B21D0}.Debug|Any CPU.Build.0 = Debug|Any CPU
		{1FD430CD-158D-42EA-8F6F-3CE0974B21D0}.Debug|x64.ActiveCfg = Debug|Any CPU
		{1FD430CD-158D-42EA-8F6F-3CE0974B21D0}.Debug|x64.Build.0 = Debug|Any CPU
		{1FD430CD-158D-42EA-8F6F-3CE0974B21D0}.Debug|x86.ActiveCfg = Debug|Any CPU
		{1FD430CD-158D-42EA-8F6F-3CE0974B21D0}.Debug|x86.Build.0 = Debug|Any CPU
		{1FD430CD-158D-42EA-8F6F-3CE0974B21D0}.Release|Any CPU.ActiveCfg = Release|Any CPU
		{1FD430CD-158D-42EA-8F6F-3CE0974B21D0}.Release|Any CPU.Build.0 = Release|Any CPU
		{1FD430CD-158D-42EA-8F6F-3CE0974B21D0}.Release|x64.ActiveCfg = Release|Any CPU
		{1FD430CD-158D-42EA-8F6F-3CE0974B21D0}.Release|x64.Build.0 = Release|Any CPU
		{1FD430CD-158D-42EA-8F6F-3CE0974B21D0}.Release|x86.ActiveCfg = Release|Any CPU
		{1FD430CD-158D-42EA-8F6F-3CE0974B21D0}.Release|x86.Build.0 = Release|Any CPU
		{C005700C-AB80-4C0B-89B2-1FE2F760277A}.Debug|Any CPU.ActiveCfg = Debug|Any CPU
		{C005700C-AB80-4C0B-89B2-1FE2F760277A}.Debug|Any CPU.Build.0 = Debug|Any CPU
		{C005700C-AB80-4C0B-89B2-1FE2F760277A}.Debug|x64.ActiveCfg = Debug|Any CPU
		{C005700C-AB80-4C0B-89B2-1FE2F760277A}.Debug|x64.Build.0 = Debug|Any CPU
		{C005700C-AB80-4C0B-89B2-1FE2F760277A}.Debug|x86.ActiveCfg = Debug|Any CPU
		{C005700C-AB80-4C0B-89B2-1FE2F760277A}.Debug|x86.Build.0 = Debug|Any CPU
		{C005700C-AB80-4C0B-89B2-1FE2F760277A}.Release|Any CPU.ActiveCfg = Release|Any CPU
		{C005700C-AB80-4C0B-89B2-1FE2F760277A}.Release|Any CPU.Build.0 = Release|Any CPU
		{C005700C-AB80-4C0B-89B2-1FE2F760277A}.Release|x64.ActiveCfg = Release|Any CPU
		{C005700C-AB80-4C0B-89B2-1FE2F760277A}.Release|x64.Build.0 = Release|Any CPU
		{C005700C-AB80-4C0B-89B2-1FE2F760277A}.Release|x86.ActiveCfg = Release|Any CPU
		{C005700C-AB80-4C0B-89B2-1FE2F760277A}.Release|x86.Build.0 = Release|Any CPU
		{036B4212-F167-4260-964C-5AB0933C1E21}.Debug|Any CPU.ActiveCfg = Debug|Any CPU
		{036B4212-F167-4260-964C-5AB0933C1E21}.Debug|Any CPU.Build.0 = Debug|Any CPU
		{036B4212-F167-4260-964C-5AB0933C1E21}.Debug|x64.ActiveCfg = Debug|Any CPU
		{036B4212-F167-4260-964C-5AB0933C1E21}.Debug|x64.Build.0 = Debug|Any CPU
		{036B4212-F167-4260-964C-5AB0933C1E21}.Debug|x86.ActiveCfg = Debug|Any CPU
		{036B4212-F167-4260-964C-5AB0933C1E21}.Debug|x86.Build.0 = Debug|Any CPU
		{036B4212-F167-4260-964C-5AB0933C1E21}.Release|Any CPU.ActiveCfg = Release|Any CPU
		{036B4212-F167-4260-964C-5AB0933C1E21}.Release|Any CPU.Build.0 = Release|Any CPU
		{036B4212-F167-4260-964C-5AB0933C1E21}.Release|x64.ActiveCfg = Release|Any CPU
		{036B4212-F167-4260-964C-5AB0933C1E21}.Release|x64.Build.0 = Release|Any CPU
		{036B4212-F167-4260-964C-5AB0933C1E21}.Release|x86.ActiveCfg = Release|Any CPU
		{036B4212-F167-4260-964C-5AB0933C1E21}.Release|x86.Build.0 = Release|Any CPU
		{B7979140-D9A5-46E7-AF3A-CD2BC07A5830}.Debug|Any CPU.ActiveCfg = Debug|Any CPU
		{B7979140-D9A5-46E7-AF3A-CD2BC07A5830}.Debug|Any CPU.Build.0 = Debug|Any CPU
		{B7979140-D9A5-46E7-AF3A-CD2BC07A5830}.Debug|x64.ActiveCfg = Debug|Any CPU
		{B7979140-D9A5-46E7-AF3A-CD2BC07A5830}.Debug|x64.Build.0 = Debug|Any CPU
		{B7979140-D9A5-46E7-AF3A-CD2BC07A5830}.Debug|x86.ActiveCfg = Debug|Any CPU
		{B7979140-D9A5-46E7-AF3A-CD2BC07A5830}.Debug|x86.Build.0 = Debug|Any CPU
		{B7979140-D9A5-46E7-AF3A-CD2BC07A5830}.Release|Any CPU.ActiveCfg = Release|Any CPU
		{B7979140-D9A5-46E7-AF3A-CD2BC07A5830}.Release|Any CPU.Build.0 = Release|Any CPU
		{B7979140-D9A5-46E7-AF3A-CD2BC07A5830}.Release|x64.ActiveCfg = Release|Any CPU
		{B7979140-D9A5-46E7-AF3A-CD2BC07A5830}.Release|x64.Build.0 = Release|Any CPU
		{B7979140-D9A5-46E7-AF3A-CD2BC07A5830}.Release|x86.ActiveCfg = Release|Any CPU
		{B7979140-D9A5-46E7-AF3A-CD2BC07A5830}.Release|x86.Build.0 = Release|Any CPU
		{D4343557-D319-410D-9C7F-11DDD6F0BB4A}.Debug|Any CPU.ActiveCfg = Debug|Any CPU
		{D4343557-D319-410D-9C7F-11DDD6F0BB4A}.Debug|Any CPU.Build.0 = Debug|Any CPU
		{D4343557-D319-410D-9C7F-11DDD6F0BB4A}.Debug|x64.ActiveCfg = Debug|Any CPU
		{D4343557-D319-410D-9C7F-11DDD6F0BB4A}.Debug|x64.Build.0 = Debug|Any CPU
		{D4343557-D319-410D-9C7F-11DDD6F0BB4A}.Debug|x86.ActiveCfg = Debug|Any CPU
		{D4343557-D319-410D-9C7F-11DDD6F0BB4A}.Debug|x86.Build.0 = Debug|Any CPU
		{D4343557-D319-410D-9C7F-11DDD6F0BB4A}.Release|Any CPU.ActiveCfg = Release|Any CPU
		{D4343557-D319-410D-9C7F-11DDD6F0BB4A}.Release|Any CPU.Build.0 = Release|Any CPU
		{D4343557-D319-410D-9C7F-11DDD6F0BB4A}.Release|x64.ActiveCfg = Release|Any CPU
		{D4343557-D319-410D-9C7F-11DDD6F0BB4A}.Release|x64.Build.0 = Release|Any CPU
		{D4343557-D319-410D-9C7F-11DDD6F0BB4A}.Release|x86.ActiveCfg = Release|Any CPU
		{D4343557-D319-410D-9C7F-11DDD6F0BB4A}.Release|x86.Build.0 = Release|Any CPU
		{A1B6CE5E-72B1-4936-A55D-118CA1C5B82D}.Debug|Any CPU.ActiveCfg = Debug|Any CPU
		{A1B6CE5E-72B1-4936-A55D-118CA1C5B82D}.Debug|Any CPU.Build.0 = Debug|Any CPU
		{A1B6CE5E-72B1-4936-A55D-118CA1C5B82D}.Debug|x64.ActiveCfg = Debug|Any CPU
		{A1B6CE5E-72B1-4936-A55D-118CA1C5B82D}.Debug|x64.Build.0 = Debug|Any CPU
		{A1B6CE5E-72B1-4936-A55D-118CA1C5B82D}.Debug|x86.ActiveCfg = Debug|Any CPU
		{A1B6CE5E-72B1-4936-A55D-118CA1C5B82D}.Debug|x86.Build.0 = Debug|Any CPU
		{A1B6CE5E-72B1-4936-A55D-118CA1C5B82D}.Release|Any CPU.ActiveCfg = Release|Any CPU
		{A1B6CE5E-72B1-4936-A55D-118CA1C5B82D}.Release|Any CPU.Build.0 = Release|Any CPU
		{A1B6CE5E-72B1-4936-A55D-118CA1C5B82D}.Release|x64.ActiveCfg = Release|Any CPU
		{A1B6CE5E-72B1-4936-A55D-118CA1C5B82D}.Release|x64.Build.0 = Release|Any CPU
		{A1B6CE5E-72B1-4936-A55D-118CA1C5B82D}.Release|x86.ActiveCfg = Release|Any CPU
		{A1B6CE5E-72B1-4936-A55D-118CA1C5B82D}.Release|x86.Build.0 = Release|Any CPU
		{24270B03-CA6C-4A64-B96F-C62C5D9D96D7}.Debug|Any CPU.ActiveCfg = Debug|Any CPU
		{24270B03-CA6C-4A64-B96F-C62C5D9D96D7}.Debug|Any CPU.Build.0 = Debug|Any CPU
		{24270B03-CA6C-4A64-B96F-C62C5D9D96D7}.Debug|x64.ActiveCfg = Debug|Any CPU
		{24270B03-CA6C-4A64-B96F-C62C5D9D96D7}.Debug|x64.Build.0 = Debug|Any CPU
		{24270B03-CA6C-4A64-B96F-C62C5D9D96D7}.Debug|x86.ActiveCfg = Debug|Any CPU
		{24270B03-CA6C-4A64-B96F-C62C5D9D96D7}.Debug|x86.Build.0 = Debug|Any CPU
		{24270B03-CA6C-4A64-B96F-C62C5D9D96D7}.Release|Any CPU.ActiveCfg = Release|Any CPU
		{24270B03-CA6C-4A64-B96F-C62C5D9D96D7}.Release|Any CPU.Build.0 = Release|Any CPU
		{24270B03-CA6C-4A64-B96F-C62C5D9D96D7}.Release|x64.ActiveCfg = Release|Any CPU
		{24270B03-CA6C-4A64-B96F-C62C5D9D96D7}.Release|x64.Build.0 = Release|Any CPU
		{24270B03-CA6C-4A64-B96F-C62C5D9D96D7}.Release|x86.ActiveCfg = Release|Any CPU
		{24270B03-CA6C-4A64-B96F-C62C5D9D96D7}.Release|x86.Build.0 = Release|Any CPU
		{EACB83DA-9278-4481-88E2-EB02D70BA765}.Debug|Any CPU.ActiveCfg = Debug|Any CPU
		{EACB83DA-9278-4481-88E2-EB02D70BA765}.Debug|Any CPU.Build.0 = Debug|Any CPU
		{EACB83DA-9278-4481-88E2-EB02D70BA765}.Debug|x64.ActiveCfg = Debug|Any CPU
		{EACB83DA-9278-4481-88E2-EB02D70BA765}.Debug|x64.Build.0 = Debug|Any CPU
		{EACB83DA-9278-4481-88E2-EB02D70BA765}.Debug|x86.ActiveCfg = Debug|Any CPU
		{EACB83DA-9278-4481-88E2-EB02D70BA765}.Debug|x86.Build.0 = Debug|Any CPU
		{EACB83DA-9278-4481-88E2-EB02D70BA765}.Release|Any CPU.ActiveCfg = Release|Any CPU
		{EACB83DA-9278-4481-88E2-EB02D70BA765}.Release|Any CPU.Build.0 = Release|Any CPU
		{EACB83DA-9278-4481-88E2-EB02D70BA765}.Release|x64.ActiveCfg = Release|Any CPU
		{EACB83DA-9278-4481-88E2-EB02D70BA765}.Release|x64.Build.0 = Release|Any CPU
		{EACB83DA-9278-4481-88E2-EB02D70BA765}.Release|x86.ActiveCfg = Release|Any CPU
		{EACB83DA-9278-4481-88E2-EB02D70BA765}.Release|x86.Build.0 = Release|Any CPU
		{12076B5E-399E-4CCA-B6D1-4ABA04F60CC4}.Debug|Any CPU.ActiveCfg = Debug|Any CPU
		{12076B5E-399E-4CCA-B6D1-4ABA04F60CC4}.Debug|Any CPU.Build.0 = Debug|Any CPU
		{12076B5E-399E-4CCA-B6D1-4ABA04F60CC4}.Debug|x64.ActiveCfg = Debug|Any CPU
		{12076B5E-399E-4CCA-B6D1-4ABA04F60CC4}.Debug|x64.Build.0 = Debug|Any CPU
		{12076B5E-399E-4CCA-B6D1-4ABA04F60CC4}.Debug|x86.ActiveCfg = Debug|Any CPU
		{12076B5E-399E-4CCA-B6D1-4ABA04F60CC4}.Debug|x86.Build.0 = Debug|Any CPU
		{12076B5E-399E-4CCA-B6D1-4ABA04F60CC4}.Release|Any CPU.ActiveCfg = Release|Any CPU
		{12076B5E-399E-4CCA-B6D1-4ABA04F60CC4}.Release|Any CPU.Build.0 = Release|Any CPU
		{12076B5E-399E-4CCA-B6D1-4ABA04F60CC4}.Release|x64.ActiveCfg = Release|Any CPU
		{12076B5E-399E-4CCA-B6D1-4ABA04F60CC4}.Release|x64.Build.0 = Release|Any CPU
		{12076B5E-399E-4CCA-B6D1-4ABA04F60CC4}.Release|x86.ActiveCfg = Release|Any CPU
		{12076B5E-399E-4CCA-B6D1-4ABA04F60CC4}.Release|x86.Build.0 = Release|Any CPU
		{A28BE388-B873-45CD-AE7A-7BB32EFC0624}.Debug|Any CPU.ActiveCfg = Debug|Any CPU
		{A28BE388-B873-45CD-AE7A-7BB32EFC0624}.Debug|Any CPU.Build.0 = Debug|Any CPU
		{A28BE388-B873-45CD-AE7A-7BB32EFC0624}.Debug|x64.ActiveCfg = Debug|Any CPU
		{A28BE388-B873-45CD-AE7A-7BB32EFC0624}.Debug|x64.Build.0 = Debug|Any CPU
		{A28BE388-B873-45CD-AE7A-7BB32EFC0624}.Debug|x86.ActiveCfg = Debug|Any CPU
		{A28BE388-B873-45CD-AE7A-7BB32EFC0624}.Debug|x86.Build.0 = Debug|Any CPU
		{A28BE388-B873-45CD-AE7A-7BB32EFC0624}.Release|Any CPU.ActiveCfg = Release|Any CPU
		{A28BE388-B873-45CD-AE7A-7BB32EFC0624}.Release|Any CPU.Build.0 = Release|Any CPU
		{A28BE388-B873-45CD-AE7A-7BB32EFC0624}.Release|x64.ActiveCfg = Release|Any CPU
		{A28BE388-B873-45CD-AE7A-7BB32EFC0624}.Release|x64.Build.0 = Release|Any CPU
		{A28BE388-B873-45CD-AE7A-7BB32EFC0624}.Release|x86.ActiveCfg = Release|Any CPU
		{A28BE388-B873-45CD-AE7A-7BB32EFC0624}.Release|x86.Build.0 = Release|Any CPU
		{99006EC1-2579-4E54-8D3E-2B28BE8C10DF}.Debug|Any CPU.ActiveCfg = Debug|Any CPU
		{99006EC1-2579-4E54-8D3E-2B28BE8C10DF}.Debug|Any CPU.Build.0 = Debug|Any CPU
		{99006EC1-2579-4E54-8D3E-2B28BE8C10DF}.Debug|x64.ActiveCfg = Debug|Any CPU
		{99006EC1-2579-4E54-8D3E-2B28BE8C10DF}.Debug|x64.Build.0 = Debug|Any CPU
		{99006EC1-2579-4E54-8D3E-2B28BE8C10DF}.Debug|x86.ActiveCfg = Debug|Any CPU
		{99006EC1-2579-4E54-8D3E-2B28BE8C10DF}.Debug|x86.Build.0 = Debug|Any CPU
		{99006EC1-2579-4E54-8D3E-2B28BE8C10DF}.Release|Any CPU.ActiveCfg = Release|Any CPU
		{99006EC1-2579-4E54-8D3E-2B28BE8C10DF}.Release|Any CPU.Build.0 = Release|Any CPU
		{99006EC1-2579-4E54-8D3E-2B28BE8C10DF}.Release|x64.ActiveCfg = Release|Any CPU
		{99006EC1-2579-4E54-8D3E-2B28BE8C10DF}.Release|x64.Build.0 = Release|Any CPU
		{99006EC1-2579-4E54-8D3E-2B28BE8C10DF}.Release|x86.ActiveCfg = Release|Any CPU
		{99006EC1-2579-4E54-8D3E-2B28BE8C10DF}.Release|x86.Build.0 = Release|Any CPU
		{0F3B2593-1C3B-4468-B20E-982E2DE3488E}.Debug|Any CPU.ActiveCfg = Debug|Any CPU
		{0F3B2593-1C3B-4468-B20E-982E2DE3488E}.Debug|Any CPU.Build.0 = Debug|Any CPU
		{0F3B2593-1C3B-4468-B20E-982E2DE3488E}.Debug|x64.ActiveCfg = Debug|Any CPU
		{0F3B2593-1C3B-4468-B20E-982E2DE3488E}.Debug|x64.Build.0 = Debug|Any CPU
		{0F3B2593-1C3B-4468-B20E-982E2DE3488E}.Debug|x86.ActiveCfg = Debug|Any CPU
		{0F3B2593-1C3B-4468-B20E-982E2DE3488E}.Debug|x86.Build.0 = Debug|Any CPU
		{0F3B2593-1C3B-4468-B20E-982E2DE3488E}.Release|Any CPU.ActiveCfg = Release|Any CPU
		{0F3B2593-1C3B-4468-B20E-982E2DE3488E}.Release|Any CPU.Build.0 = Release|Any CPU
		{0F3B2593-1C3B-4468-B20E-982E2DE3488E}.Release|x64.ActiveCfg = Release|Any CPU
		{0F3B2593-1C3B-4468-B20E-982E2DE3488E}.Release|x64.Build.0 = Release|Any CPU
		{0F3B2593-1C3B-4468-B20E-982E2DE3488E}.Release|x86.ActiveCfg = Release|Any CPU
		{0F3B2593-1C3B-4468-B20E-982E2DE3488E}.Release|x86.Build.0 = Release|Any CPU
		{34D871D8-7627-4170-99E2-5E4C6F999928}.Debug|Any CPU.ActiveCfg = Debug|Any CPU
		{34D871D8-7627-4170-99E2-5E4C6F999928}.Debug|Any CPU.Build.0 = Debug|Any CPU
		{34D871D8-7627-4170-99E2-5E4C6F999928}.Debug|x64.ActiveCfg = Debug|Any CPU
		{34D871D8-7627-4170-99E2-5E4C6F999928}.Debug|x64.Build.0 = Debug|Any CPU
		{34D871D8-7627-4170-99E2-5E4C6F999928}.Debug|x86.ActiveCfg = Debug|Any CPU
		{34D871D8-7627-4170-99E2-5E4C6F999928}.Debug|x86.Build.0 = Debug|Any CPU
		{34D871D8-7627-4170-99E2-5E4C6F999928}.Release|Any CPU.ActiveCfg = Release|Any CPU
		{34D871D8-7627-4170-99E2-5E4C6F999928}.Release|Any CPU.Build.0 = Release|Any CPU
		{34D871D8-7627-4170-99E2-5E4C6F999928}.Release|x64.ActiveCfg = Release|Any CPU
		{34D871D8-7627-4170-99E2-5E4C6F999928}.Release|x64.Build.0 = Release|Any CPU
		{34D871D8-7627-4170-99E2-5E4C6F999928}.Release|x86.ActiveCfg = Release|Any CPU
		{34D871D8-7627-4170-99E2-5E4C6F999928}.Release|x86.Build.0 = Release|Any CPU
		{9A8D78B7-2103-4B46-980D-3D07D3394224}.Debug|Any CPU.ActiveCfg = Debug|Any CPU
		{9A8D78B7-2103-4B46-980D-3D07D3394224}.Debug|Any CPU.Build.0 = Debug|Any CPU
		{9A8D78B7-2103-4B46-980D-3D07D3394224}.Debug|x64.ActiveCfg = Debug|Any CPU
		{9A8D78B7-2103-4B46-980D-3D07D3394224}.Debug|x64.Build.0 = Debug|Any CPU
		{9A8D78B7-2103-4B46-980D-3D07D3394224}.Debug|x86.ActiveCfg = Debug|Any CPU
		{9A8D78B7-2103-4B46-980D-3D07D3394224}.Debug|x86.Build.0 = Debug|Any CPU
		{9A8D78B7-2103-4B46-980D-3D07D3394224}.Release|Any CPU.ActiveCfg = Release|Any CPU
		{9A8D78B7-2103-4B46-980D-3D07D3394224}.Release|Any CPU.Build.0 = Release|Any CPU
		{9A8D78B7-2103-4B46-980D-3D07D3394224}.Release|x64.ActiveCfg = Release|Any CPU
		{9A8D78B7-2103-4B46-980D-3D07D3394224}.Release|x64.Build.0 = Release|Any CPU
		{9A8D78B7-2103-4B46-980D-3D07D3394224}.Release|x86.ActiveCfg = Release|Any CPU
		{9A8D78B7-2103-4B46-980D-3D07D3394224}.Release|x86.Build.0 = Release|Any CPU
	EndGlobalSection
	GlobalSection(SolutionProperties) = preSolution
		HideSolutionNode = FALSE
	EndGlobalSection
	GlobalSection(NestedProjects) = preSolution
		{A86387A1-6CB7-E87F-8D97-922B56EDCEFC} = {5854FF58-B8C5-05C6-5BF2-ACE42193F22B}
		{5E2BA008-A6CE-491E-A4C4-00E1FB433F22} = {31CBEB51-93DC-9CA1-DA8D-67643319BEE1}
		{1FD430CD-158D-42EA-8F6F-3CE0974B21D0} = {31CBEB51-93DC-9CA1-DA8D-67643319BEE1}
		{C005700C-AB80-4C0B-89B2-1FE2F760277A} = {31CBEB51-93DC-9CA1-DA8D-67643319BEE1}
		{036B4212-F167-4260-964C-5AB0933C1E21} = {31CBEB51-93DC-9CA1-DA8D-67643319BEE1}
		{8B9A4CE7-C63C-2C30-32DD-7937E6868EBD} = {A86387A1-6CB7-E87F-8D97-922B56EDCEFC}
		{B7979140-D9A5-46E7-AF3A-CD2BC07A5830} = {8B9A4CE7-C63C-2C30-32DD-7937E6868EBD}
		{B16E37B7-9997-3A69-15CC-2776E4DDC1AC} = {A86387A1-6CB7-E87F-8D97-922B56EDCEFC}
		{D4343557-D319-410D-9C7F-11DDD6F0BB4A} = {B16E37B7-9997-3A69-15CC-2776E4DDC1AC}
		{A1B6CE5E-72B1-4936-A55D-118CA1C5B82D} = {B16E37B7-9997-3A69-15CC-2776E4DDC1AC}
		{894F4CE1-B484-F744-A4B2-6323977B165A} = {5854FF58-B8C5-05C6-5BF2-ACE42193F22B}
		{F0031B69-6525-1819-848B-EAE6FE9B4247} = {894F4CE1-B484-F744-A4B2-6323977B165A}
		{24270B03-CA6C-4A64-B96F-C62C5D9D96D7} = {F0031B69-6525-1819-848B-EAE6FE9B4247}
		{EACB83DA-9278-4481-88E2-EB02D70BA765} = {F0031B69-6525-1819-848B-EAE6FE9B4247}
		{12076B5E-399E-4CCA-B6D1-4ABA04F60CC4} = {F0031B69-6525-1819-848B-EAE6FE9B4247}
		{C4259038-A2A8-CBB4-2A14-9A62DF69FCD2} = {5854FF58-B8C5-05C6-5BF2-ACE42193F22B}
		{C49991FA-0149-F3D3-524D-8081FC0C8975} = {C4259038-A2A8-CBB4-2A14-9A62DF69FCD2}
		{A28BE388-B873-45CD-AE7A-7BB32EFC0624} = {C49991FA-0149-F3D3-524D-8081FC0C8975}
		{99006EC1-2579-4E54-8D3E-2B28BE8C10DF} = {C49991FA-0149-F3D3-524D-8081FC0C8975}
		{0F3B2593-1C3B-4468-B20E-982E2DE3488E} = {C49991FA-0149-F3D3-524D-8081FC0C8975}
		{34D871D8-7627-4170-99E2-5E4C6F999928} = {C49991FA-0149-F3D3-524D-8081FC0C8975}
		{9A8D78B7-2103-4B46-980D-3D07D3394224} = {F0031B69-6525-1819-848B-EAE6FE9B4247}
	EndGlobalSection
	GlobalSection(ExtensibilityGlobals) = postSolution
		SolutionGuid = {93C36878-66AA-4DD5-BD2A-B86432A84831}
	EndGlobalSection
EndGlobal
